PODS:
  - FBAEMKit (13.2.0):
    - FBSDKCoreKit_Basics (= 13.2.0)
  - FBSDKCoreKit (13.2.0):
    - FBAEMKit (= 13.2.0)
    - FBSDKCoreKit_Basics (= 13.2.0)
  - FBSDKCoreKit_Basics (13.2.0)
  - R.swift (6.1.0):
    - R.swift.Library (~> 5.3.0)
  - R.swift.Library (5.3.0)
  - Siren (5.8.1)
  - SpreadsheetView (0.9.1)

DEPENDENCIES:
  - FBSDKCoreKit
  - R.swift
  - Siren
  - SpreadsheetView

SPEC REPOS:
  trunk:
    - FBAEMKit
    - FBSDKCoreKit
    - FBSDKCoreKit_Basics
    - R.swift
    - R.swift.Library
    - Siren
    - SpreadsheetView

SPEC CHECKSUMS:
  FBAEMKit: c2b2895363b7e57192013d1dc49fdf498b28624c
  FBSDKCoreKit: 58139803d861e72c7661dc875611a759352a55ac
  FBSDKCoreKit_Basics: 1ffc68326a5ece051d85574f02a0adcf27c2a5f2
  R.swift: ec98ff71c4ab2f6fd01dd077e5afd15e63a4834c
  R.swift.Library: 0fc583cb55a99e28901299cc451614cad1161962
  Siren: de768099aff1f1c9acda4247064788a4940b4bf3
  SpreadsheetView: 688dbd19f2b355df0eb09e486266fd913a013449

PODFILE CHECKSUM: c776f2f50c524d5b8518b016f2bd8b9481c8639b

COCOAPODS: 1.11.3
