PODS:
  - AppsFlyerFramework (6.8.0):
    - AppsFlyerFramework/Main (= 6.8.0)
  - AppsFlyerFramework/Main (6.8.0)
  - FBAEMKit (14.1.0):
    - FBSDKCoreKit_Basics (= 14.1.0)
  - FBSDKCoreKit (14.1.0):
    - FBAEMKit (= 14.1.0)
    - FBSDKCoreKit_Basics (= 14.1.0)
  - FBSDKCoreKit_Basics (14.1.0)
  - FBSDKLoginKit (14.1.0):
    - FBSDKCoreKit (= 14.1.0)
  - R.swift (6.1.0):
    - R.swift.Library (~> 5.3.0)
  - R.swift.Library (5.3.0)
  - Siren (5.8.1)
  - SpreadsheetView (0.9.1)

DEPENDENCIES:
  - AppsFlyerFramework
  - FBSDKCoreKit
  - FBSDKLoginKit
  - R.swift
  - Siren
  - SpreadsheetView

SPEC REPOS:
  trunk:
    - AppsFlyerFramework
    - FBAEMKit
    - FBSDKCoreKit
    - FBSDKCoreKit_Basics
    - FBSDKLoginKit
    - R.swift
    - R.swift.Library
    - Siren
    - SpreadsheetView

SPEC CHECKSUMS:
  AppsFlyerFramework: a8de532f81b1d3c1dfc451f0ecded91ebb6a0e47
  FBAEMKit: a899515e45476027f73aef377b5cffadcd56ca3a
  FBSDKCoreKit: 24f8bc8d3b5b2a8c5c656a1329492a12e8efa792
  FBSDKCoreKit_Basics: 6e578c9bdc7aa1365dbbbde633c9ebb536bcaa98
  FBSDKLoginKit: 787de205d524c3a4b17d527916f1d066e4361660
  R.swift: ec98ff71c4ab2f6fd01dd077e5afd15e63a4834c
  R.swift.Library: 0fc583cb55a99e28901299cc451614cad1161962
  Siren: de768099aff1f1c9acda4247064788a4940b4bf3
  SpreadsheetView: 688dbd19f2b355df0eb09e486266fd913a013449

PODFILE CHECKSUM: 7303a0932e651697d5f73387e56c1d3e9bcf3093

COCOAPODS: 1.11.3
